// !$*UTF8*$!
{
	archiveVersion = 1;
	classes = {
	};
	objectVersion = 46;
	objects = {

/* Begin PBXBuildFile section */
		2F1928251CC34209001E4007 /* OHTreesAppConfig.h in Headers */ = {isa = PBXBuildFile; fileRef = 2F1928241CC34209001E4007 /* OHTreesAppConfig.h */; settings = {ATTRIBUTES = (Public, ); }; };
		2F19282C1CC34209001E4007 /* OHTreesAppConfig.framework in Frameworks */ = {isa = PBXBuildFile; fileRef = 2F1928211CC34209001E4007 /* OHTreesAppConfig.framework */; };
		2F1928311CC34209001E4007 /* OHTreesAppConfigTests.swift in Sources */ = {isa = PBXBuildFile; fileRef = 2F1928301CC34209001E4007 /* OHTreesAppConfigTests.swift */; };
		2F19283C1CC359C6001E4007 /* AppConfig.swift in Sources */ = {isa = PBXBuildFile; fileRef = 2F19283B1CC359C6001E4007 /* AppConfig.swift */; };
		2F19288E1CC3E253001E4007 /* Quick.framework in Frameworks */ = {isa = PBXBuildFile; fileRef = 2F1928831CC3E1D7001E4007 /* Quick.framework */; };
		2F19288F1CC3E260001E4007 /* Nimble.framework in Frameworks */ = {isa = PBXBuildFile; fileRef = 2F1928471CC3E192001E4007 /* Nimble.framework */; };
		2F1928981CC4249E001E4007 /* AppDelegate.swift in Sources */ = {isa = PBXBuildFile; fileRef = 2F1928971CC4249E001E4007 /* AppDelegate.swift */; };
		2F19289A1CC4249E001E4007 /* ViewController.swift in Sources */ = {isa = PBXBuildFile; fileRef = 2F1928991CC4249E001E4007 /* ViewController.swift */; };
		2F19289D1CC4249E001E4007 /* Main.storyboard in Resources */ = {isa = PBXBuildFile; fileRef = 2F19289B1CC4249E001E4007 /* Main.storyboard */; };
		2F19289F1CC4249E001E4007 /* Assets.xcassets in Resources */ = {isa = PBXBuildFile; fileRef = 2F19289E1CC4249E001E4007 /* Assets.xcassets */; };
		2F1928A21CC4249E001E4007 /* LaunchScreen.storyboard in Resources */ = {isa = PBXBuildFile; fileRef = 2F1928A01CC4249E001E4007 /* LaunchScreen.storyboard */; };
/* End PBXBuildFile section */

/* Begin PBXContainerItemProxy section */
		2F19282D1CC34209001E4007 /* PBXContainerItemProxy */ = {
			isa = PBXContainerItemProxy;
			containerPortal = 2F1928181CC34209001E4007 /* Project object */;
			proxyType = 1;
			remoteGlobalIDString = 2F1928201CC34209001E4007;
			remoteInfo = OHTreesAppConfig;
		};
		2F1928461CC3E192001E4007 /* PBXContainerItemProxy */ = {
			isa = PBXContainerItemProxy;
			containerPortal = 2F19283D1CC3E192001E4007 /* Nimble.xcodeproj */;
			proxyType = 2;
			remoteGlobalIDString = 1F1A74291940169200FFFC47;
			remoteInfo = "Nimble-iOS";
		};
		2F1928481CC3E192001E4007 /* PBXContainerItemProxy */ = {
			isa = PBXContainerItemProxy;
			containerPortal = 2F19283D1CC3E192001E4007 /* Nimble.xcodeproj */;
			proxyType = 2;
			remoteGlobalIDString = 1F1A74341940169200FFFC47;
			remoteInfo = "Nimble-iOSTests";
		};
		2F19284A1CC3E192001E4007 /* PBXContainerItemProxy */ = {
			isa = PBXContainerItemProxy;
			containerPortal = 2F19283D1CC3E192001E4007 /* Nimble.xcodeproj */;
			proxyType = 2;
			remoteGlobalIDString = 1F925EAD195C0D6300ED456B;
			remoteInfo = "Nimble-OSX";
		};
		2F19284C1CC3E192001E4007 /* PBXContainerItemProxy */ = {
			isa = PBXContainerItemProxy;
			containerPortal = 2F19283D1CC3E192001E4007 /* Nimble.xcodeproj */;
			proxyType = 2;
			remoteGlobalIDString = 1F925EB7195C0D6300ED456B;
			remoteInfo = "Nimble-OSXTests";
		};
		2F19284E1CC3E192001E4007 /* PBXContainerItemProxy */ = {
			isa = PBXContainerItemProxy;
			containerPortal = 2F19283D1CC3E192001E4007 /* Nimble.xcodeproj */;
			proxyType = 2;
			remoteGlobalIDString = 1F5DF1551BDCA0CE00C3A531;
			remoteInfo = "Nimble-tvOS";
		};
		2F1928501CC3E192001E4007 /* PBXContainerItemProxy */ = {
			isa = PBXContainerItemProxy;
			containerPortal = 2F19283D1CC3E192001E4007 /* Nimble.xcodeproj */;
			proxyType = 2;
			remoteGlobalIDString = 1F5DF15E1BDCA0CE00C3A531;
			remoteInfo = "Nimble-tvOSTests";
		};
		2F19287C1CC3E1D7001E4007 /* PBXContainerItemProxy */ = {
			isa = PBXContainerItemProxy;
			containerPortal = 2F1928701CC3E1D7001E4007 /* Quick.xcodeproj */;
			proxyType = 2;
			remoteGlobalIDString = DAEB6B8E1943873100289F44;
			remoteInfo = "Quick-OSX";
		};
		2F19287E1CC3E1D7001E4007 /* PBXContainerItemProxy */ = {
			isa = PBXContainerItemProxy;
			containerPortal = 2F1928701CC3E1D7001E4007 /* Quick.xcodeproj */;
			proxyType = 2;
			remoteGlobalIDString = DAEB6B991943873100289F44;
			remoteInfo = "Quick-OSXTests";
		};
		2F1928801CC3E1D7001E4007 /* PBXContainerItemProxy */ = {
			isa = PBXContainerItemProxy;
			containerPortal = 2F1928701CC3E1D7001E4007 /* Quick.xcodeproj */;
			proxyType = 2;
			remoteGlobalIDString = DA5663E81A4C8D8500193C88;
			remoteInfo = "QuickFocused-OSXTests";
		};
		2F1928821CC3E1D7001E4007 /* PBXContainerItemProxy */ = {
			isa = PBXContainerItemProxy;
			containerPortal = 2F1928701CC3E1D7001E4007 /* Quick.xcodeproj */;
			proxyType = 2;
			remoteGlobalIDString = 5A5D117C19473F2100F6D13D;
			remoteInfo = "Quick-iOS";
		};
		2F1928841CC3E1D7001E4007 /* PBXContainerItemProxy */ = {
			isa = PBXContainerItemProxy;
			containerPortal = 2F1928701CC3E1D7001E4007 /* Quick.xcodeproj */;
			proxyType = 2;
			remoteGlobalIDString = 5A5D118619473F2100F6D13D;
			remoteInfo = "Quick-iOSTests";
		};
		2F1928861CC3E1D7001E4007 /* PBXContainerItemProxy */ = {
			isa = PBXContainerItemProxy;
			containerPortal = 2F1928701CC3E1D7001E4007 /* Quick.xcodeproj */;
			proxyType = 2;
			remoteGlobalIDString = DA9876B21A4C70EB0004AA17;
			remoteInfo = "QuickFocused-iOSTests";
		};
		2F1928881CC3E1D7001E4007 /* PBXContainerItemProxy */ = {
			isa = PBXContainerItemProxy;
			containerPortal = 2F1928701CC3E1D7001E4007 /* Quick.xcodeproj */;
			proxyType = 2;
			remoteGlobalIDString = 1F118CD51BDCA4AB005013A2;
			remoteInfo = "Quick-tvOS";
		};
		2F19288A1CC3E1D7001E4007 /* PBXContainerItemProxy */ = {
			isa = PBXContainerItemProxy;
			containerPortal = 2F1928701CC3E1D7001E4007 /* Quick.xcodeproj */;
			proxyType = 2;
			remoteGlobalIDString = 1F118CDE1BDCA4AB005013A2;
			remoteInfo = "Quick-tvOSTests";
		};
		2F19288C1CC3E1D7001E4007 /* PBXContainerItemProxy */ = {
			isa = PBXContainerItemProxy;
			containerPortal = 2F1928701CC3E1D7001E4007 /* Quick.xcodeproj */;
			proxyType = 2;
			remoteGlobalIDString = 1F118CF01BDCA4BB005013A2;
			remoteInfo = "QuickFocused-tvOSTests";
		};
		2F1928A71CC424A6001E4007 /* PBXContainerItemProxy */ = {
			isa = PBXContainerItemProxy;
			containerPortal = 2F1928181CC34209001E4007 /* Project object */;
			proxyType = 1;
			remoteGlobalIDString = 2F1928941CC4249E001E4007;
			remoteInfo = OHTreesAppConfigTestApp;
		};
/* End PBXContainerItemProxy section */

/* Begin PBXFileReference section */
		2F1928211CC34209001E4007 /* OHTreesAppConfig.framework */ = {isa = PBXFileReference; explicitFileType = wrapper.framework; includeInIndex = 0; path = OHTreesAppConfig.framework; sourceTree = BUILT_PRODUCTS_DIR; };
		2F1928241CC34209001E4007 /* OHTreesAppConfig.h */ = {isa = PBXFileReference; lastKnownFileType = sourcecode.c.h; path = OHTreesAppConfig.h; sourceTree = "<group>"; };
		2F1928261CC34209001E4007 /* Info.plist */ = {isa = PBXFileReference; lastKnownFileType = text.plist.xml; path = Info.plist; sourceTree = "<group>"; };
		2F19282B1CC34209001E4007 /* OHTreesAppConfigTests.xctest */ = {isa = PBXFileReference; explicitFileType = wrapper.cfbundle; includeInIndex = 0; path = OHTreesAppConfigTests.xctest; sourceTree = BUILT_PRODUCTS_DIR; };
		2F1928301CC34209001E4007 /* OHTreesAppConfigTests.swift */ = {isa = PBXFileReference; lastKnownFileType = sourcecode.swift; path = OHTreesAppConfigTests.swift; sourceTree = "<group>"; };
		2F1928321CC34209001E4007 /* Info.plist */ = {isa = PBXFileReference; lastKnownFileType = text.plist.xml; path = Info.plist; sourceTree = "<group>"; };
		2F19283B1CC359C6001E4007 /* AppConfig.swift */ = {isa = PBXFileReference; fileEncoding = 4; lastKnownFileType = sourcecode.swift; path = AppConfig.swift; sourceTree = "<group>"; };
		2F19283D1CC3E192001E4007 /* Nimble.xcodeproj */ = {isa = PBXFileReference; lastKnownFileType = "wrapper.pb-project"; name = Nimble.xcodeproj; path = Carthage/Checkouts/Nimble/Nimble.xcodeproj; sourceTree = "<group>"; };
		2F1928701CC3E1D7001E4007 /* Quick.xcodeproj */ = {isa = PBXFileReference; lastKnownFileType = "wrapper.pb-project"; name = Quick.xcodeproj; path = Carthage/Checkouts/Quick/Quick.xcodeproj; sourceTree = "<group>"; };
		2F1928951CC4249E001E4007 /* OHTreesAppConfigTestApp.app */ = {isa = PBXFileReference; explicitFileType = wrapper.application; includeInIndex = 0; path = OHTreesAppConfigTestApp.app; sourceTree = BUILT_PRODUCTS_DIR; };
		2F1928971CC4249E001E4007 /* AppDelegate.swift */ = {isa = PBXFileReference; lastKnownFileType = sourcecode.swift; path = AppDelegate.swift; sourceTree = "<group>"; };
		2F1928991CC4249E001E4007 /* ViewController.swift */ = {isa = PBXFileReference; lastKnownFileType = sourcecode.swift; path = ViewController.swift; sourceTree = "<group>"; };
		2F19289C1CC4249E001E4007 /* Base */ = {isa = PBXFileReference; lastKnownFileType = file.storyboard; name = Base; path = Base.lproj/Main.storyboard; sourceTree = "<group>"; };
		2F19289E1CC4249E001E4007 /* Assets.xcassets */ = {isa = PBXFileReference; lastKnownFileType = folder.assetcatalog; path = Assets.xcassets; sourceTree = "<group>"; };
		2F1928A11CC4249E001E4007 /* Base */ = {isa = PBXFileReference; lastKnownFileType = file.storyboard; name = Base; path = Base.lproj/LaunchScreen.storyboard; sourceTree = "<group>"; };
		2F1928A31CC4249E001E4007 /* Info.plist */ = {isa = PBXFileReference; lastKnownFileType = text.plist.xml; path = Info.plist; sourceTree = "<group>"; };
/* End PBXFileReference section */

/* Begin PBXFrameworksBuildPhase section */
		2F19281D1CC34209001E4007 /* Frameworks */ = {
			isa = PBXFrameworksBuildPhase;
			buildActionMask = 2147483647;
			files = (
			);
			runOnlyForDeploymentPostprocessing = 0;
		};
		2F1928281CC34209001E4007 /* Frameworks */ = {
			isa = PBXFrameworksBuildPhase;
			buildActionMask = 2147483647;
			files = (
				2F19288F1CC3E260001E4007 /* Nimble.framework in Frameworks */,
				2F19288E1CC3E253001E4007 /* Quick.framework in Frameworks */,
				2F19282C1CC34209001E4007 /* OHTreesAppConfig.framework in Frameworks */,
			);
			runOnlyForDeploymentPostprocessing = 0;
		};
		2F1928921CC4249E001E4007 /* Frameworks */ = {
			isa = PBXFrameworksBuildPhase;
			buildActionMask = 2147483647;
			files = (
			);
			runOnlyForDeploymentPostprocessing = 0;
		};
/* End PBXFrameworksBuildPhase section */

/* Begin PBXGroup section */
		2F1928171CC34209001E4007 = {
			isa = PBXGroup;
			children = (
				2F1928231CC34209001E4007 /* OHTreesAppConfig */,
				2F19282F1CC34209001E4007 /* OHTreesAppConfigTests */,
				2F1928961CC4249E001E4007 /* OHTreesAppConfigTestApp */,
				2F1928221CC34209001E4007 /* Products */,
				2F1928901CC3E2D9001E4007 /* Frameworks */,
			);
			sourceTree = "<group>";
		};
		2F1928221CC34209001E4007 /* Products */ = {
			isa = PBXGroup;
			children = (
				2F1928211CC34209001E4007 /* OHTreesAppConfig.framework */,
				2F19282B1CC34209001E4007 /* OHTreesAppConfigTests.xctest */,
				2F1928951CC4249E001E4007 /* OHTreesAppConfigTestApp.app */,
			);
			name = Products;
			sourceTree = "<group>";
		};
		2F1928231CC34209001E4007 /* OHTreesAppConfig */ = {
			isa = PBXGroup;
			children = (
				2F19283B1CC359C6001E4007 /* AppConfig.swift */,
				2F1928241CC34209001E4007 /* OHTreesAppConfig.h */,
				2F1928261CC34209001E4007 /* Info.plist */,
			);
			path = OHTreesAppConfig;
			sourceTree = "<group>";
		};
		2F19282F1CC34209001E4007 /* OHTreesAppConfigTests */ = {
			isa = PBXGroup;
			children = (
				2F1928321CC34209001E4007 /* Info.plist */,
				2F1928301CC34209001E4007 /* OHTreesAppConfigTests.swift */,
			);
			path = OHTreesAppConfigTests;
			sourceTree = "<group>";
		};
		2F19283E1CC3E192001E4007 /* Products */ = {
			isa = PBXGroup;
			children = (
				2F1928471CC3E192001E4007 /* Nimble.framework */,
				2F1928491CC3E192001E4007 /* NimbleTests.xctest */,
				2F19284B1CC3E192001E4007 /* Nimble.framework */,
				2F19284D1CC3E192001E4007 /* NimbleTests.xctest */,
				2F19284F1CC3E192001E4007 /* Nimble.framework */,
				2F1928511CC3E192001E4007 /* NimbleTests.xctest */,
			);
			name = Products;
			sourceTree = "<group>";
		};
		2F1928711CC3E1D7001E4007 /* Products */ = {
			isa = PBXGroup;
			children = (
				2F19287D1CC3E1D7001E4007 /* Quick.framework */,
				2F19287F1CC3E1D7001E4007 /* Quick-OSXTests.xctest */,
				2F1928811CC3E1D7001E4007 /* QuickFocused-OSXTests.xctest */,
				2F1928831CC3E1D7001E4007 /* Quick.framework */,
				2F1928851CC3E1D7001E4007 /* Quick-iOSTests.xctest */,
				2F1928871CC3E1D7001E4007 /* QuickFocused-iOSTests.xctest */,
				2F1928891CC3E1D7001E4007 /* Quick.framework */,
				2F19288B1CC3E1D7001E4007 /* Quick-tvOSTests.xctest */,
				2F19288D1CC3E1D7001E4007 /* QuickFocused-tvOSTests.xctest */,
			);
			name = Products;
			sourceTree = "<group>";
		};
		2F1928901CC3E2D9001E4007 /* Frameworks */ = {
			isa = PBXGroup;
			children = (
				2F1928701CC3E1D7001E4007 /* Quick.xcodeproj */,
				2F19283D1CC3E192001E4007 /* Nimble.xcodeproj */,
			);
			name = Frameworks;
			sourceTree = "<group>";
		};
		2F1928961CC4249E001E4007 /* OHTreesAppConfigTestApp */ = {
			isa = PBXGroup;
			children = (
				2F1928971CC4249E001E4007 /* AppDelegate.swift */,
				2F1928991CC4249E001E4007 /* ViewController.swift */,
				2F19289B1CC4249E001E4007 /* Main.storyboard */,
				2F19289E1CC4249E001E4007 /* Assets.xcassets */,
				2F1928A01CC4249E001E4007 /* LaunchScreen.storyboard */,
				2F1928A31CC4249E001E4007 /* Info.plist */,
			);
			path = OHTreesAppConfigTestApp;
			sourceTree = "<group>";
		};
/* End PBXGroup section */

/* Begin PBXHeadersBuildPhase section */
		2F19281E1CC34209001E4007 /* Headers */ = {
			isa = PBXHeadersBuildPhase;
			buildActionMask = 2147483647;
			files = (
				2F1928251CC34209001E4007 /* OHTreesAppConfig.h in Headers */,
			);
			runOnlyForDeploymentPostprocessing = 0;
		};
/* End PBXHeadersBuildPhase section */

/* Begin PBXNativeTarget section */
		2F1928201CC34209001E4007 /* OHTreesAppConfig */ = {
			isa = PBXNativeTarget;
			buildConfigurationList = 2F1928351CC34209001E4007 /* Build configuration list for PBXNativeTarget "OHTreesAppConfig" */;
			buildPhases = (
				2F19281C1CC34209001E4007 /* Sources */,
				2F19281D1CC34209001E4007 /* Frameworks */,
				2F19281E1CC34209001E4007 /* Headers */,
				2F19281F1CC34209001E4007 /* Resources */,
			);
			buildRules = (
			);
			dependencies = (
			);
			name = OHTreesAppConfig;
			productName = OHTreesAppConfig;
			productReference = 2F1928211CC34209001E4007 /* OHTreesAppConfig.framework */;
			productType = "com.apple.product-type.framework";
		};
		2F19282A1CC34209001E4007 /* OHTreesAppConfigTests */ = {
			isa = PBXNativeTarget;
			buildConfigurationList = 2F1928381CC34209001E4007 /* Build configuration list for PBXNativeTarget "OHTreesAppConfigTests" */;
			buildPhases = (
				2F1928271CC34209001E4007 /* Sources */,
				2F1928281CC34209001E4007 /* Frameworks */,
				2F1928291CC34209001E4007 /* Resources */,
			);
			buildRules = (
			);
			dependencies = (
				2F19282E1CC34209001E4007 /* PBXTargetDependency */,
				2F1928A81CC424A6001E4007 /* PBXTargetDependency */,
			);
			name = OHTreesAppConfigTests;
			productName = OHTreesAppConfigTests;
			productReference = 2F19282B1CC34209001E4007 /* OHTreesAppConfigTests.xctest */;
			productType = "com.apple.product-type.bundle.unit-test";
		};
		2F1928941CC4249E001E4007 /* OHTreesAppConfigTestApp */ = {
			isa = PBXNativeTarget;
			buildConfigurationList = 2F1928A41CC4249E001E4007 /* Build configuration list for PBXNativeTarget "OHTreesAppConfigTestApp" */;
			buildPhases = (
				2F1928911CC4249E001E4007 /* Sources */,
				2F1928921CC4249E001E4007 /* Frameworks */,
				2F1928931CC4249E001E4007 /* Resources */,
			);
			buildRules = (
			);
			dependencies = (
			);
			name = OHTreesAppConfigTestApp;
			productName = OHTreesAppConfigTestApp;
			productReference = 2F1928951CC4249E001E4007 /* OHTreesAppConfigTestApp.app */;
			productType = "com.apple.product-type.application";
		};
/* End PBXNativeTarget section */

/* Begin PBXProject section */
		2F1928181CC34209001E4007 /* Project object */ = {
			isa = PBXProject;
			attributes = {
				LastSwiftUpdateCheck = 0720;
				LastUpgradeCheck = 0720;
				ORGANIZATIONNAME = "Paul Bunting";
				TargetAttributes = {
					2F1928201CC34209001E4007 = {
						CreatedOnToolsVersion = 7.2.1;
					};
					2F19282A1CC34209001E4007 = {
						CreatedOnToolsVersion = 7.2.1;
						TestTargetID = 2F1928941CC4249E001E4007;
					};
					2F1928941CC4249E001E4007 = {
						CreatedOnToolsVersion = 7.2.1;
					};
				};
			};
			buildConfigurationList = 2F19281B1CC34209001E4007 /* Build configuration list for PBXProject "OHTreesAppConfig" */;
			compatibilityVersion = "Xcode 3.2";
			developmentRegion = English;
			hasScannedForEncodings = 0;
			knownRegions = (
				en,
				Base,
			);
			mainGroup = 2F1928171CC34209001E4007;
			productRefGroup = 2F1928221CC34209001E4007 /* Products */;
			projectDirPath = "";
			projectReferences = (
				{
					ProductGroup = 2F19283E1CC3E192001E4007 /* Products */;
					ProjectRef = 2F19283D1CC3E192001E4007 /* Nimble.xcodeproj */;
				},
				{
					ProductGroup = 2F1928711CC3E1D7001E4007 /* Products */;
					ProjectRef = 2F1928701CC3E1D7001E4007 /* Quick.xcodeproj */;
				},
			);
			projectRoot = "";
			targets = (
				2F1928201CC34209001E4007 /* OHTreesAppConfig */,
				2F19282A1CC34209001E4007 /* OHTreesAppConfigTests */,
				2F1928941CC4249E001E4007 /* OHTreesAppConfigTestApp */,
			);
		};
/* End PBXProject section */

/* Begin PBXReferenceProxy section */
		2F1928471CC3E192001E4007 /* Nimble.framework */ = {
			isa = PBXReferenceProxy;
			fileType = wrapper.framework;
			path = Nimble.framework;
			remoteRef = 2F1928461CC3E192001E4007 /* PBXContainerItemProxy */;
			sourceTree = BUILT_PRODUCTS_DIR;
		};
		2F1928491CC3E192001E4007 /* NimbleTests.xctest */ = {
			isa = PBXReferenceProxy;
			fileType = wrapper.cfbundle;
			path = NimbleTests.xctest;
			remoteRef = 2F1928481CC3E192001E4007 /* PBXContainerItemProxy */;
			sourceTree = BUILT_PRODUCTS_DIR;
		};
		2F19284B1CC3E192001E4007 /* Nimble.framework */ = {
			isa = PBXReferenceProxy;
			fileType = wrapper.framework;
			path = Nimble.framework;
			remoteRef = 2F19284A1CC3E192001E4007 /* PBXContainerItemProxy */;
			sourceTree = BUILT_PRODUCTS_DIR;
		};
		2F19284D1CC3E192001E4007 /* NimbleTests.xctest */ = {
			isa = PBXReferenceProxy;
			fileType = wrapper.cfbundle;
			path = NimbleTests.xctest;
			remoteRef = 2F19284C1CC3E192001E4007 /* PBXContainerItemProxy */;
			sourceTree = BUILT_PRODUCTS_DIR;
		};
		2F19284F1CC3E192001E4007 /* Nimble.framework */ = {
			isa = PBXReferenceProxy;
			fileType = wrapper.framework;
			path = Nimble.framework;
			remoteRef = 2F19284E1CC3E192001E4007 /* PBXContainerItemProxy */;
			sourceTree = BUILT_PRODUCTS_DIR;
		};
		2F1928511CC3E192001E4007 /* NimbleTests.xctest */ = {
			isa = PBXReferenceProxy;
			fileType = wrapper.cfbundle;
			path = NimbleTests.xctest;
			remoteRef = 2F1928501CC3E192001E4007 /* PBXContainerItemProxy */;
			sourceTree = BUILT_PRODUCTS_DIR;
		};
		2F19287D1CC3E1D7001E4007 /* Quick.framework */ = {
			isa = PBXReferenceProxy;
			fileType = wrapper.framework;
			path = Quick.framework;
			remoteRef = 2F19287C1CC3E1D7001E4007 /* PBXContainerItemProxy */;
			sourceTree = BUILT_PRODUCTS_DIR;
		};
		2F19287F1CC3E1D7001E4007 /* Quick-OSXTests.xctest */ = {
			isa = PBXReferenceProxy;
			fileType = wrapper.cfbundle;
			path = "Quick-OSXTests.xctest";
			remoteRef = 2F19287E1CC3E1D7001E4007 /* PBXContainerItemProxy */;
			sourceTree = BUILT_PRODUCTS_DIR;
		};
		2F1928811CC3E1D7001E4007 /* QuickFocused-OSXTests.xctest */ = {
			isa = PBXReferenceProxy;
			fileType = wrapper.cfbundle;
			path = "QuickFocused-OSXTests.xctest";
			remoteRef = 2F1928801CC3E1D7001E4007 /* PBXContainerItemProxy */;
			sourceTree = BUILT_PRODUCTS_DIR;
		};
		2F1928831CC3E1D7001E4007 /* Quick.framework */ = {
			isa = PBXReferenceProxy;
			fileType = wrapper.framework;
			path = Quick.framework;
			remoteRef = 2F1928821CC3E1D7001E4007 /* PBXContainerItemProxy */;
			sourceTree = BUILT_PRODUCTS_DIR;
		};
		2F1928851CC3E1D7001E4007 /* Quick-iOSTests.xctest */ = {
			isa = PBXReferenceProxy;
			fileType = wrapper.cfbundle;
			path = "Quick-iOSTests.xctest";
			remoteRef = 2F1928841CC3E1D7001E4007 /* PBXContainerItemProxy */;
			sourceTree = BUILT_PRODUCTS_DIR;
		};
		2F1928871CC3E1D7001E4007 /* QuickFocused-iOSTests.xctest */ = {
			isa = PBXReferenceProxy;
			fileType = wrapper.cfbundle;
			path = "QuickFocused-iOSTests.xctest";
			remoteRef = 2F1928861CC3E1D7001E4007 /* PBXContainerItemProxy */;
			sourceTree = BUILT_PRODUCTS_DIR;
		};
		2F1928891CC3E1D7001E4007 /* Quick.framework */ = {
			isa = PBXReferenceProxy;
			fileType = wrapper.framework;
			path = Quick.framework;
			remoteRef = 2F1928881CC3E1D7001E4007 /* PBXContainerItemProxy */;
			sourceTree = BUILT_PRODUCTS_DIR;
		};
		2F19288B1CC3E1D7001E4007 /* Quick-tvOSTests.xctest */ = {
			isa = PBXReferenceProxy;
			fileType = wrapper.cfbundle;
			path = "Quick-tvOSTests.xctest";
			remoteRef = 2F19288A1CC3E1D7001E4007 /* PBXContainerItemProxy */;
			sourceTree = BUILT_PRODUCTS_DIR;
		};
		2F19288D1CC3E1D7001E4007 /* QuickFocused-tvOSTests.xctest */ = {
			isa = PBXReferenceProxy;
			fileType = wrapper.cfbundle;
			path = "QuickFocused-tvOSTests.xctest";
			remoteRef = 2F19288C1CC3E1D7001E4007 /* PBXContainerItemProxy */;
			sourceTree = BUILT_PRODUCTS_DIR;
		};
/* End PBXReferenceProxy section */

/* Begin PBXResourcesBuildPhase section */
		2F19281F1CC34209001E4007 /* Resources */ = {
			isa = PBXResourcesBuildPhase;
			buildActionMask = 2147483647;
			files = (
			);
			runOnlyForDeploymentPostprocessing = 0;
		};
		2F1928291CC34209001E4007 /* Resources */ = {
			isa = PBXResourcesBuildPhase;
			buildActionMask = 2147483647;
			files = (
			);
			runOnlyForDeploymentPostprocessing = 0;
		};
		2F1928931CC4249E001E4007 /* Resources */ = {
			isa = PBXResourcesBuildPhase;
			buildActionMask = 2147483647;
			files = (
				2F1928A21CC4249E001E4007 /* LaunchScreen.storyboard in Resources */,
				2F19289F1CC4249E001E4007 /* Assets.xcassets in Resources */,
				2F19289D1CC4249E001E4007 /* Main.storyboard in Resources */,
			);
			runOnlyForDeploymentPostprocessing = 0;
		};
/* End PBXResourcesBuildPhase section */

/* Begin PBXSourcesBuildPhase section */
		2F19281C1CC34209001E4007 /* Sources */ = {
			isa = PBXSourcesBuildPhase;
			buildActionMask = 2147483647;
			files = (
				2F19283C1CC359C6001E4007 /* AppConfig.swift in Sources */,
			);
			runOnlyForDeploymentPostprocessing = 0;
		};
		2F1928271CC34209001E4007 /* Sources */ = {
			isa = PBXSourcesBuildPhase;
			buildActionMask = 2147483647;
			files = (
				2F1928311CC34209001E4007 /* OHTreesAppConfigTests.swift in Sources */,
			);
			runOnlyForDeploymentPostprocessing = 0;
		};
		2F1928911CC4249E001E4007 /* Sources */ = {
			isa = PBXSourcesBuildPhase;
			buildActionMask = 2147483647;
			files = (
				2F19289A1CC4249E001E4007 /* ViewController.swift in Sources */,
				2F1928981CC4249E001E4007 /* AppDelegate.swift in Sources */,
			);
			runOnlyForDeploymentPostprocessing = 0;
		};
/* End PBXSourcesBuildPhase section */

/* Begin PBXTargetDependency section */
		2F19282E1CC34209001E4007 /* PBXTargetDependency */ = {
			isa = PBXTargetDependency;
			target = 2F1928201CC34209001E4007 /* OHTreesAppConfig */;
			targetProxy = 2F19282D1CC34209001E4007 /* PBXContainerItemProxy */;
		};
		2F1928A81CC424A6001E4007 /* PBXTargetDependency */ = {
			isa = PBXTargetDependency;
			target = 2F1928941CC4249E001E4007 /* OHTreesAppConfigTestApp */;
			targetProxy = 2F1928A71CC424A6001E4007 /* PBXContainerItemProxy */;
		};
/* End PBXTargetDependency section */

/* Begin PBXVariantGroup section */
		2F19289B1CC4249E001E4007 /* Main.storyboard */ = {
			isa = PBXVariantGroup;
			children = (
				2F19289C1CC4249E001E4007 /* Base */,
			);
			name = Main.storyboard;
			sourceTree = "<group>";
		};
		2F1928A01CC4249E001E4007 /* LaunchScreen.storyboard */ = {
			isa = PBXVariantGroup;
			children = (
				2F1928A11CC4249E001E4007 /* Base */,
			);
			name = LaunchScreen.storyboard;
			sourceTree = "<group>";
		};
/* End PBXVariantGroup section */

/* Begin XCBuildConfiguration section */
		2F1928331CC34209001E4007 /* Debug */ = {
			isa = XCBuildConfiguration;
			buildSettings = {
				ALWAYS_SEARCH_USER_PATHS = NO;
				CLANG_CXX_LANGUAGE_STANDARD = "gnu++0x";
				CLANG_CXX_LIBRARY = "libc++";
				CLANG_ENABLE_MODULES = YES;
				CLANG_ENABLE_OBJC_ARC = YES;
				CLANG_WARN_BOOL_CONVERSION = YES;
				CLANG_WARN_CONSTANT_CONVERSION = YES;
				CLANG_WARN_DIRECT_OBJC_ISA_USAGE = YES_ERROR;
				CLANG_WARN_EMPTY_BODY = YES;
				CLANG_WARN_ENUM_CONVERSION = YES;
				CLANG_WARN_INT_CONVERSION = YES;
				CLANG_WARN_OBJC_ROOT_CLASS = YES_ERROR;
				CLANG_WARN_UNREACHABLE_CODE = YES;
				CLANG_WARN__DUPLICATE_METHOD_MATCH = YES;
				"CODE_SIGN_IDENTITY[sdk=iphoneos*]" = "iPhone Developer";
				COPY_PHASE_STRIP = NO;
				CURRENT_PROJECT_VERSION = 1;
				DEBUG_INFORMATION_FORMAT = dwarf;
				ENABLE_STRICT_OBJC_MSGSEND = YES;
				ENABLE_TESTABILITY = YES;
				GCC_C_LANGUAGE_STANDARD = gnu99;
				GCC_DYNAMIC_NO_PIC = NO;
				GCC_NO_COMMON_BLOCKS = YES;
				GCC_OPTIMIZATION_LEVEL = 0;
				GCC_PREPROCESSOR_DEFINITIONS = (
					"DEBUG=1",
					"$(inherited)",
				);
				GCC_WARN_64_TO_32_BIT_CONVERSION = YES;
				GCC_WARN_ABOUT_RETURN_TYPE = YES_ERROR;
				GCC_WARN_UNDECLARED_SELECTOR = YES;
				GCC_WARN_UNINITIALIZED_AUTOS = YES_AGGRESSIVE;
				GCC_WARN_UNUSED_FUNCTION = YES;
				GCC_WARN_UNUSED_VARIABLE = YES;
				IPHONEOS_DEPLOYMENT_TARGET = 9.2;
				MTL_ENABLE_DEBUG_INFO = YES;
				ONLY_ACTIVE_ARCH = YES;
				SDKROOT = iphoneos;
				SWIFT_OPTIMIZATION_LEVEL = "-Onone";
				TARGETED_DEVICE_FAMILY = "1,2";
				VERSIONING_SYSTEM = "apple-generic";
				VERSION_INFO_PREFIX = "";
			};
			name = Debug;
		};
		2F1928341CC34209001E4007 /* Release */ = {
			isa = XCBuildConfiguration;
			buildSettings = {
				ALWAYS_SEARCH_USER_PATHS = NO;
				CLANG_CXX_LANGUAGE_STANDARD = "gnu++0x";
				CLANG_CXX_LIBRARY = "libc++";
				CLANG_ENABLE_MODULES = YES;
				CLANG_ENABLE_OBJC_ARC = YES;
				CLANG_WARN_BOOL_CONVERSION = YES;
				CLANG_WARN_CONSTANT_CONVERSION = YES;
				CLANG_WARN_DIRECT_OBJC_ISA_USAGE = YES_ERROR;
				CLANG_WARN_EMPTY_BODY = YES;
				CLANG_WARN_ENUM_CONVERSION = YES;
				CLANG_WARN_INT_CONVERSION = YES;
				CLANG_WARN_OBJC_ROOT_CLASS = YES_ERROR;
				CLANG_WARN_UNREACHABLE_CODE = YES;
				CLANG_WARN__DUPLICATE_METHOD_MATCH = YES;
				"CODE_SIGN_IDENTITY[sdk=iphoneos*]" = "iPhone Developer";
				COPY_PHASE_STRIP = NO;
				CURRENT_PROJECT_VERSION = 1;
				DEBUG_INFORMATION_FORMAT = "dwarf-with-dsym";
				ENABLE_NS_ASSERTIONS = NO;
				ENABLE_STRICT_OBJC_MSGSEND = YES;
				GCC_C_LANGUAGE_STANDARD = gnu99;
				GCC_NO_COMMON_BLOCKS = YES;
				GCC_WARN_64_TO_32_BIT_CONVERSION = YES;
				GCC_WARN_ABOUT_RETURN_TYPE = YES_ERROR;
				GCC_WARN_UNDECLARED_SELECTOR = YES;
				GCC_WARN_UNINITIALIZED_AUTOS = YES_AGGRESSIVE;
				GCC_WARN_UNUSED_FUNCTION = YES;
				GCC_WARN_UNUSED_VARIABLE = YES;
				IPHONEOS_DEPLOYMENT_TARGET = 9.2;
				MTL_ENABLE_DEBUG_INFO = NO;
				SDKROOT = iphoneos;
				TARGETED_DEVICE_FAMILY = "1,2";
				VALIDATE_PRODUCT = YES;
				VERSIONING_SYSTEM = "apple-generic";
				VERSION_INFO_PREFIX = "";
			};
			name = Release;
		};
		2F1928361CC34209001E4007 /* Debug */ = {
			isa = XCBuildConfiguration;
			buildSettings = {
				CLANG_ENABLE_MODULES = YES;
				DEFINES_MODULE = YES;
				DYLIB_COMPATIBILITY_VERSION = 1;
				DYLIB_CURRENT_VERSION = 1;
				DYLIB_INSTALL_NAME_BASE = "@rpath";
				INFOPLIST_FILE = OHTreesAppConfig/Info.plist;
				INSTALL_PATH = "$(LOCAL_LIBRARY_DIR)/Frameworks";
				LD_RUNPATH_SEARCH_PATHS = "$(inherited) @executable_path/Frameworks @loader_path/Frameworks";
				PRODUCT_BUNDLE_IDENTIFIER = com.100trees.OHTreesAppConfig;
				PRODUCT_NAME = "$(TARGET_NAME)";
				SKIP_INSTALL = YES;
				SWIFT_OPTIMIZATION_LEVEL = "-Onone";
			};
			name = Debug;
		};
		2F1928371CC34209001E4007 /* Release */ = {
			isa = XCBuildConfiguration;
			buildSettings = {
				CLANG_ENABLE_MODULES = YES;
				DEFINES_MODULE = YES;
				DYLIB_COMPATIBILITY_VERSION = 1;
				DYLIB_CURRENT_VERSION = 1;
				DYLIB_INSTALL_NAME_BASE = "@rpath";
				INFOPLIST_FILE = OHTreesAppConfig/Info.plist;
				INSTALL_PATH = "$(LOCAL_LIBRARY_DIR)/Frameworks";
				LD_RUNPATH_SEARCH_PATHS = "$(inherited) @executable_path/Frameworks @loader_path/Frameworks";
				PRODUCT_BUNDLE_IDENTIFIER = com.100trees.OHTreesAppConfig;
				PRODUCT_NAME = "$(TARGET_NAME)";
				SKIP_INSTALL = YES;
			};
			name = Release;
		};
		2F1928391CC34209001E4007 /* Debug */ = {
			isa = XCBuildConfiguration;
			buildSettings = {
				INFOPLIST_FILE = OHTreesAppConfigTests/Info.plist;
				LD_RUNPATH_SEARCH_PATHS = "$(inherited) @executable_path/Frameworks @loader_path/Frameworks";
				PRODUCT_BUNDLE_IDENTIFIER = com.100trees.OHTreesAppConfigTests;
				PRODUCT_NAME = "$(TARGET_NAME)";
				TEST_HOST = "$(BUILT_PRODUCTS_DIR)/OHTreesAppConfigTestApp.app/OHTreesAppConfigTestApp";
			};
			name = Debug;
		};
		2F19283A1CC34209001E4007 /* Release */ = {
			isa = XCBuildConfiguration;
			buildSettings = {
				INFOPLIST_FILE = OHTreesAppConfigTests/Info.plist;
				LD_RUNPATH_SEARCH_PATHS = "$(inherited) @executable_path/Frameworks @loader_path/Frameworks";
				PRODUCT_BUNDLE_IDENTIFIER = com.100trees.OHTreesAppConfigTests;
				PRODUCT_NAME = "$(TARGET_NAME)";
				TEST_HOST = "$(BUILT_PRODUCTS_DIR)/OHTreesAppConfigTestApp.app/OHTreesAppConfigTestApp";
			};
			name = Release;
		};
		2F1928A51CC4249E001E4007 /* Debug */ = {
			isa = XCBuildConfiguration;
			buildSettings = {
				ASSETCATALOG_COMPILER_APPICON_NAME = AppIcon;
				INFOPLIST_FILE = OHTreesAppConfigTestApp/Info.plist;
				LD_RUNPATH_SEARCH_PATHS = "$(inherited) @executable_path/Frameworks";
				PRODUCT_BUNDLE_IDENTIFIER = com.100trees.OHTreesAppConfigTestApp;
				PRODUCT_NAME = "$(TARGET_NAME)";
			};
			name = Debug;
		};
		2F1928A61CC4249E001E4007 /* Release */ = {
			isa = XCBuildConfiguration;
			buildSettings = {
				ASSETCATALOG_COMPILER_APPICON_NAME = AppIcon;
				INFOPLIST_FILE = OHTreesAppConfigTestApp/Info.plist;
				LD_RUNPATH_SEARCH_PATHS = "$(inherited) @executable_path/Frameworks";
				PRODUCT_BUNDLE_IDENTIFIER = com.100trees.OHTreesAppConfigTestApp;
				PRODUCT_NAME = "$(TARGET_NAME)";
			};
			name = Release;
		};
/* End XCBuildConfiguration section */

/* Begin XCConfigurationList section */
		2F19281B1CC34209001E4007 /* Build configuration list for PBXProject "OHTreesAppConfig" */ = {
			isa = XCConfigurationList;
			buildConfigurations = (
				2F1928331CC34209001E4007 /* Debug */,
				2F1928341CC34209001E4007 /* Release */,
			);
			defaultConfigurationIsVisible = 0;
			defaultConfigurationName = Release;
		};
		2F1928351CC34209001E4007 /* Build configuration list for PBXNativeTarget "OHTreesAppConfig" */ = {
			isa = XCConfigurationList;
			buildConfigurations = (
				2F1928361CC34209001E4007 /* Debug */,
				2F1928371CC34209001E4007 /* Release */,
			);
			defaultConfigurationIsVisible = 0;
			defaultConfigurationName = Release;
		};
		2F1928381CC34209001E4007 /* Build configuration list for PBXNativeTarget "OHTreesAppConfigTests" */ = {
			isa = XCConfigurationList;
			buildConfigurations = (
				2F1928391CC34209001E4007 /* Debug */,
				2F19283A1CC34209001E4007 /* Release */,
			);
			defaultConfigurationIsVisible = 0;
			defaultConfigurationName = Release;
		};
		2F1928A41CC4249E001E4007 /* Build configuration list for PBXNativeTarget "OHTreesAppConfigTestApp" */ = {
			isa = XCConfigurationList;
			buildConfigurations = (
				2F1928A51CC4249E001E4007 /* Debug */,
				2F1928A61CC4249E001E4007 /* Release */,
			);
			defaultConfigurationIsVisible = 0;
		};
/* End XCConfigurationList section */
	};
	rootObject = 2F1928181CC34209001E4007 /* Project object */;
}
